
Microsoft Visual Studio Solution File, Format Version 12.00
# Visual Studio Version 17
VisualStudioVersion = 17.13.35919.96
MinimumVisualStudioVersion = 10.0.40219.1
Project("{8BC9CEB8-8B4A-11D0-8D11-00A0C91BC942}") = "HelloWorld", "HelloWorld\HelloWorld.vcxproj", "{A4D6B0B9-D744-4F3D-AE40-F4BE426CCB6D}"
EndProject
Project("{8BC9CEB8-8B4A-11D0-8D11-00A0C91BC942}") = "DataTypes", "DataTypes\DataTypes.vcxproj", "{30B2E4C7-6D71-4C08-8087-D1F3D48B33FE}"
EndProject
Project("{8BC9CEB8-8B4A-11D0-8D11-00A0C91BC942}") = "UserDataTypes", "UserDataTypes\UserDataTypes.vcxproj", "{39B7F1F3-35AA-4618-892D-32DFE04B4004}"
EndProject
Project("{8BC9CEB8-8B4A-11D0-8D11-00A0C91BC942}") = "GuessingGame", "GuessingGame\GuessingGame.vcxproj", "{A660CD19-216E-46C7-A293-8591EB5D8186}"
EndProject
Global
	GlobalSection(SolutionConfigurationPlatforms) = preSolution
		Debug|x64 = Debug|x64
		Debug|x86 = Debug|x86
		Release|x64 = Release|x64
		Release|x86 = Release|x86
	EndGlobalSection
	GlobalSection(ProjectConfigurationPlatforms) = postSolution
		{A4D6B0B9-D744-4F3D-AE40-F4BE426CCB6D}.Debug|x64.ActiveCfg = Debug|x64
		{A4D6B0B9-D744-4F3D-AE40-F4BE426CCB6D}.Debug|x64.Build.0 = Debug|x64
		{A4D6B0B9-D744-4F3D-AE40-F4BE426CCB6D}.Debug|x86.ActiveCfg = Debug|Win32
		{A4D6B0B9-D744-4F3D-AE40-F4BE426CCB6D}.Debug|x86.Build.0 = Debug|Win32
		{A4D6B0B9-D744-4F3D-AE40-F4BE426CCB6D}.Release|x64.ActiveCfg = Release|x64
		{A4D6B0B9-D744-4F3D-AE40-F4BE426CCB6D}.Release|x64.Build.0 = Release|x64
		{A4D6B0B9-D744-4F3D-AE40-F4BE426CCB6D}.Release|x86.ActiveCfg = Release|Win32
		{A4D6B0B9-D744-4F3D-AE40-F4BE426CCB6D}.Release|x86.Build.0 = Release|Win32
		{30B2E4C7-6D71-4C08-8087-D1F3D48B33FE}.Debug|x64.ActiveCfg = Debug|x64
		{30B2E4C7-6D71-4C08-8087-D1F3D48B33FE}.Debug|x64.Build.0 = Debug|x64
		{30B2E4C7-6D71-4C08-8087-D1F3D48B33FE}.Debug|x86.ActiveCfg = Debug|Win32
		{30B2E4C7-6D71-4C08-8087-D1F3D48B33FE}.Debug|x86.Build.0 = Debug|Win32
		{30B2E4C7-6D71-4C08-8087-D1F3D48B33FE}.Release|x64.ActiveCfg = Release|x64
		{30B2E4C7-6D71-4C08-8087-D1F3D48B33FE}.Release|x64.Build.0 = Release|x64
		{30B2E4C7-6D71-4C08-8087-D1F3D48B33FE}.Release|x86.ActiveCfg = Release|Win32
		{30B2E4C7-6D71-4C08-8087-D1F3D48B33FE}.Release|x86.Build.0 = Release|Win32
		{39B7F1F3-35AA-4618-892D-32DFE04B4004}.Debug|x64.ActiveCfg = Debug|x64
		{39B7F1F3-35AA-4618-892D-32DFE04B4004}.Debug|x64.Build.0 = Debug|x64
		{39B7F1F3-35AA-4618-892D-32DFE04B4004}.Debug|x86.ActiveCfg = Debug|Win32
		{39B7F1F3-35AA-4618-892D-32DFE04B4004}.Debug|x86.Build.0 = Debug|Win32
		{39B7F1F3-35AA-4618-892D-32DFE04B4004}.Release|x64.ActiveCfg = Release|x64
		{39B7F1F3-35AA-4618-892D-32DFE04B4004}.Release|x64.Build.0 = Release|x64
		{39B7F1F3-35AA-4618-892D-32DFE04B4004}.Release|x86.ActiveCfg = Release|Win32
		{39B7F1F3-35AA-4618-892D-32DFE04B4004}.Release|x86.Build.0 = Release|Win32
		{A660CD19-216E-46C7-A293-8591EB5D8186}.Debug|x64.ActiveCfg = Debug|x64
		{A660CD19-216E-46C7-A293-8591EB5D8186}.Debug|x64.Build.0 = Debug|x64
		{A660CD19-216E-46C7-A293-8591EB5D8186}.Debug|x86.ActiveCfg = Debug|Win32
		{A660CD19-216E-46C7-A293-8591EB5D8186}.Debug|x86.Build.0 = Debug|Win32
		{A660CD19-216E-46C7-A293-8591EB5D8186}.Release|x64.ActiveCfg = Release|x64
		{A660CD19-216E-46C7-A293-8591EB5D8186}.Release|x64.Build.0 = Release|x64
		{A660CD19-216E-46C7-A293-8591EB5D8186}.Release|x86.ActiveCfg = Release|Win32
		{A660CD19-216E-46C7-A293-8591EB5D8186}.Release|x86.Build.0 = Release|Win32
	EndGlobalSection
	GlobalSection(SolutionProperties) = preSolution
		HideSolutionNode = FALSE
	EndGlobalSection
	GlobalSection(ExtensibilityGlobals) = postSolution
		SolutionGuid = {8C13E49F-0255-40FF-9958-7D3E53B8B4EB}
	EndGlobalSection
EndGlobal
